// !$*UTF8*$!
{
	archiveVersion = 1;
	classes = {
	};
	objectVersion = 55;
	objects = {

/* Begin PBXBuildFile section */
		083858A227BF75CD00D01DC5 /* CustomGridView.swift in Sources */ = {isa = PBXBuildFile; fileRef = 083858A127BF75CD00D01DC5 /* CustomGridView.swift */; };
		083858A427BFA74800D01DC5 /* Award.swift in Sources */ = {isa = PBXBuildFile; fileRef = 083858A327BFA74800D01DC5 /* Award.swift */; };
		083858A627BFAB1500D01DC5 /* VerticalGridView.swift in Sources */ = {isa = PBXBuildFile; fileRef = 083858A527BFAB1500D01DC5 /* VerticalGridView.swift */; };
		083858A827BFB85100D01DC5 /* HorizontalGridView.swift in Sources */ = {isa = PBXBuildFile; fileRef = 083858A727BFB85100D01DC5 /* HorizontalGridView.swift */; };
		08CB04EC27BD3A960057AAB9 /* AwardsCollectionAppApp.swift in Sources */ = {isa = PBXBuildFile; fileRef = 08CB04EB27BD3A960057AAB9 /* AwardsCollectionAppApp.swift */; };
		08CB04EE27BD3A960057AAB9 /* StarterView.swift in Sources */ = {isa = PBXBuildFile; fileRef = 08CB04ED27BD3A960057AAB9 /* StarterView.swift */; };
		08CB04F027BD3A980057AAB9 /* Assets.xcassets in Resources */ = {isa = PBXBuildFile; fileRef = 08CB04EF27BD3A980057AAB9 /* Assets.xcassets */; };
		08CB04F327BD3A980057AAB9 /* Preview Assets.xcassets in Resources */ = {isa = PBXBuildFile; fileRef = 08CB04F227BD3A980057AAB9 /* Preview Assets.xcassets */; };
		08CB04FA27BD3ADD0057AAB9 /* MainView.swift in Sources */ = {isa = PBXBuildFile; fileRef = 08CB04F927BD3ADD0057AAB9 /* MainView.swift */; };
		08CB04FC27BD3AEA0057AAB9 /* AwardsView.swift in Sources */ = {isa = PBXBuildFile; fileRef = 08CB04FB27BD3AEA0057AAB9 /* AwardsView.swift */; };
		08CB04FE27BD3BB90057AAB9 /* GradientRectangles.swift in Sources */ = {isa = PBXBuildFile; fileRef = 08CB04FD27BD3BB90057AAB9 /* GradientRectangles.swift */; };
		08CB050027BD3BD50057AAB9 /* PathView.swift in Sources */ = {isa = PBXBuildFile; fileRef = 08CB04FF27BD3BD50057AAB9 /* PathView.swift */; };
		08CB050227BD3BE40057AAB9 /* CurvesView.swift in Sources */ = {isa = PBXBuildFile; fileRef = 08CB050127BD3BE40057AAB9 /* CurvesView.swift */; };
/* End PBXBuildFile section */

/* Begin PBXFileReference section */
		083858A127BF75CD00D01DC5 /* CustomGridView.swift */ = {isa = PBXFileReference; lastKnownFileType = sourcecode.swift; path = CustomGridView.swift; sourceTree = "<group>"; };
		083858A327BFA74800D01DC5 /* Award.swift */ = {isa = PBXFileReference; lastKnownFileType = sourcecode.swift; path = Award.swift; sourceTree = "<group>"; };
		083858A527BFAB1500D01DC5 /* VerticalGridView.swift */ = {isa = PBXFileReference; lastKnownFileType = sourcecode.swift; path = VerticalGridView.swift; sourceTree = "<group>"; };
		083858A727BFB85100D01DC5 /* HorizontalGridView.swift */ = {isa = PBXFileReference; lastKnownFileType = sourcecode.swift; path = HorizontalGridView.swift; sourceTree = "<group>"; };
		08CB04E827BD3A960057AAB9 /* AwardsCollectionApp.app */ = {isa = PBXFileReference; explicitFileType = wrapper.application; includeInIndex = 0; path = AwardsCollectionApp.app; sourceTree = BUILT_PRODUCTS_DIR; };
		08CB04EB27BD3A960057AAB9 /* AwardsCollectionAppApp.swift */ = {isa = PBXFileReference; lastKnownFileType = sourcecode.swift; path = AwardsCollectionAppApp.swift; sourceTree = "<group>"; };
		08CB04ED27BD3A960057AAB9 /* StarterView.swift */ = {isa = PBXFileReference; lastKnownFileType = sourcecode.swift; path = StarterView.swift; sourceTree = "<group>"; };
		08CB04EF27BD3A980057AAB9 /* Assets.xcassets */ = {isa = PBXFileReference; lastKnownFileType = folder.assetcatalog; path = Assets.xcassets; sourceTree = "<group>"; };
		08CB04F227BD3A980057AAB9 /* Preview Assets.xcassets */ = {isa = PBXFileReference; lastKnownFileType = folder.assetcatalog; path = "Preview Assets.xcassets"; sourceTree = "<group>"; };
		08CB04F927BD3ADD0057AAB9 /* MainView.swift */ = {isa = PBXFileReference; lastKnownFileType = sourcecode.swift; path = MainView.swift; sourceTree = "<group>"; };
		08CB04FB27BD3AEA0057AAB9 /* AwardsView.swift */ = {isa = PBXFileReference; lastKnownFileType = sourcecode.swift; path = AwardsView.swift; sourceTree = "<group>"; };
		08CB04FD27BD3BB90057AAB9 /* GradientRectangles.swift */ = {isa = PBXFileReference; lastKnownFileType = sourcecode.swift; path = GradientRectangles.swift; sourceTree = "<group>"; };
		08CB04FF27BD3BD50057AAB9 /* PathView.swift */ = {isa = PBXFileReference; lastKnownFileType = sourcecode.swift; path = PathView.swift; sourceTree = "<group>"; };
		08CB050127BD3BE40057AAB9 /* CurvesView.swift */ = {isa = PBXFileReference; lastKnownFileType = sourcecode.swift; path = CurvesView.swift; sourceTree = "<group>"; };
/* End PBXFileReference section */

/* Begin PBXFrameworksBuildPhase section */
		08CB04E527BD3A960057AAB9 /* Frameworks */ = {
			isa = PBXFrameworksBuildPhase;
			buildActionMask = 2147483647;
			files = (
			);
			runOnlyForDeploymentPostprocessing = 0;
		};
/* End PBXFrameworksBuildPhase section */

/* Begin PBXGroup section */
		083858A027BF75B700D01DC5 /* Grids */ = {
			isa = PBXGroup;
			children = (
				083858A127BF75CD00D01DC5 /* CustomGridView.swift */,
				083858A327BFA74800D01DC5 /* Award.swift */,
				083858A527BFAB1500D01DC5 /* VerticalGridView.swift */,
				083858A727BFB85100D01DC5 /* HorizontalGridView.swift */,
			);
			path = Grids;
			sourceTree = "<group>";
		};
		08CB04DF27BD3A960057AAB9 = {
			isa = PBXGroup;
			children = (
				08CB04EA27BD3A960057AAB9 /* AwardsCollectionApp */,
				08CB04E927BD3A960057AAB9 /* Products */,
			);
			sourceTree = "<group>";
		};
		08CB04E927BD3A960057AAB9 /* Products */ = {
			isa = PBXGroup;
			children = (
				08CB04E827BD3A960057AAB9 /* AwardsCollectionApp.app */,
			);
			name = Products;
			sourceTree = "<group>";
		};
		08CB04EA27BD3A960057AAB9 /* AwardsCollectionApp */ = {
			isa = PBXGroup;
			children = (
				083858A027BF75B700D01DC5 /* Grids */,
				08CB04EB27BD3A960057AAB9 /* AwardsCollectionAppApp.swift */,
				08CB04ED27BD3A960057AAB9 /* StarterView.swift */,
				08CB04F927BD3ADD0057AAB9 /* MainView.swift */,
				08CB04FB27BD3AEA0057AAB9 /* AwardsView.swift */,
				08CB04FD27BD3BB90057AAB9 /* GradientRectangles.swift */,
				08CB04FF27BD3BD50057AAB9 /* PathView.swift */,
				08CB050127BD3BE40057AAB9 /* CurvesView.swift */,
				08CB04EF27BD3A980057AAB9 /* Assets.xcassets */,
				08CB04F127BD3A980057AAB9 /* Preview Content */,
			);
			path = AwardsCollectionApp;
			sourceTree = "<group>";
		};
		08CB04F127BD3A980057AAB9 /* Preview Content */ = {
			isa = PBXGroup;
			children = (
				08CB04F227BD3A980057AAB9 /* Preview Assets.xcassets */,
			);
			path = "Preview Content";
			sourceTree = "<group>";
		};
/* End PBXGroup section */

/* Begin PBXNativeTarget section */
		08CB04E727BD3A960057AAB9 /* AwardsCollectionApp */ = {
			isa = PBXNativeTarget;
			buildConfigurationList = 08CB04F627BD3A980057AAB9 /* Build configuration list for PBXNativeTarget "AwardsCollectionApp" */;
			buildPhases = (
				08CB04E427BD3A960057AAB9 /* Sources */,
				08CB04E527BD3A960057AAB9 /* Frameworks */,
				08CB04E627BD3A960057AAB9 /* Resources */,
			);
			buildRules = (
			);
			dependencies = (
			);
			name = AwardsCollectionApp;
			productName = AwardsCollectionApp;
			productReference = 08CB04E827BD3A960057AAB9 /* AwardsCollectionApp.app */;
			productType = "com.apple.product-type.application";
		};
/* End PBXNativeTarget section */

/* Begin PBXProject section */
		08CB04E027BD3A960057AAB9 /* Project object */ = {
			isa = PBXProject;
			attributes = {
				BuildIndependentTargetsInParallel = 1;
				LastSwiftUpdateCheck = 1310;
				LastUpgradeCheck = 1310;
				TargetAttributes = {
					08CB04E727BD3A960057AAB9 = {
						CreatedOnToolsVersion = 13.1;
					};
				};
			};
			buildConfigurationList = 08CB04E327BD3A960057AAB9 /* Build configuration list for PBXProject "AwardsCollectionApp" */;
			compatibilityVersion = "Xcode 13.0";
			developmentRegion = en;
			hasScannedForEncodings = 0;
			knownRegions = (
				en,
				Base,
			);
			mainGroup = 08CB04DF27BD3A960057AAB9;
			productRefGroup = 08CB04E927BD3A960057AAB9 /* Products */;
			projectDirPath = "";
			projectRoot = "";
			targets = (
				08CB04E727BD3A960057AAB9 /* AwardsCollectionApp */,
			);
		};
/* End PBXProject section */

/* Begin PBXResourcesBuildPhase section */
		08CB04E627BD3A960057AAB9 /* Resources */ = {
			isa = PBXResourcesBuildPhase;
			buildActionMask = 2147483647;
			files = (
				08CB04F327BD3A980057AAB9 /* Preview Assets.xcassets in Resources */,
				08CB04F027BD3A980057AAB9 /* Assets.xcassets in Resources */,
			);
			runOnlyForDeploymentPostprocessing = 0;
		};
/* End PBXResourcesBuildPhase section */

/* Begin PBXSourcesBuildPhase section */
		08CB04E427BD3A960057AAB9 /* Sources */ = {
			isa = PBXSourcesBuildPhase;
			buildActionMask = 2147483647;
			files = (
				08CB04FC27BD3AEA0057AAB9 /* AwardsView.swift in Sources */,
				083858A427BFA74800D01DC5 /* Award.swift in Sources */,
				083858A627BFAB1500D01DC5 /* VerticalGridView.swift in Sources */,
				08CB050227BD3BE40057AAB9 /* CurvesView.swift in Sources */,
				083858A827BFB85100D01DC5 /* HorizontalGridView.swift in Sources */,
				08CB050027BD3BD50057AAB9 /* PathView.swift in Sources */,
				083858A227BF75CD00D01DC5 /* CustomGridView.swift in Sources */,
				08CB04FE27BD3BB90057AAB9 /* GradientRectangles.swift in Sources */,
				08CB04EE27BD3A960057AAB9 /* StarterView.swift in Sources */,
				08CB04FA27BD3ADD0057AAB9 /* MainView.swift in Sources */,
				08CB04EC27BD3A960057AAB9 /* AwardsCollectionAppApp.swift in Sources */,
			);
			runOnlyForDeploymentPostprocessing = 0;
		};
/* End PBXSourcesBuildPhase section */

/* Begin XCBuildConfiguration section */
		08CB04F427BD3A980057AAB9 /* Debug */ = {
			isa = XCBuildConfiguration;
			buildSettings = {
				ALWAYS_SEARCH_USER_PATHS = NO;
				CLANG_ANALYZER_NONNULL = YES;
				CLANG_ANALYZER_NUMBER_OBJECT_CONVERSION = YES_AGGRESSIVE;
				CLANG_CXX_LANGUAGE_STANDARD = "gnu++17";
				CLANG_CXX_LIBRARY = "libc++";
				CLANG_ENABLE_MODULES = YES;
				CLANG_ENABLE_OBJC_ARC = YES;
				CLANG_ENABLE_OBJC_WEAK = YES;
				CLANG_WARN_BLOCK_CAPTURE_AUTORELEASING = YES;
				CLANG_WARN_BOOL_CONVERSION = YES;
				CLANG_WARN_COMMA = YES;
				CLANG_WARN_CONSTANT_CONVERSION = YES;
				CLANG_WARN_DEPRECATED_OBJC_IMPLEMENTATIONS = YES;
				CLANG_WARN_DIRECT_OBJC_ISA_USAGE = YES_ERROR;
				CLANG_WARN_DOCUMENTATION_COMMENTS = YES;
				CLANG_WARN_EMPTY_BODY = YES;
				CLANG_WARN_ENUM_CONVERSION = YES;
				CLANG_WARN_INFINITE_RECURSION = YES;
				CLANG_WARN_INT_CONVERSION = YES;
				CLANG_WARN_NON_LITERAL_NULL_CONVERSION = YES;
				CLANG_WARN_OBJC_IMPLICIT_RETAIN_SELF = YES;
				CLANG_WARN_OBJC_LITERAL_CONVERSION = YES;
				CLANG_WARN_OBJC_ROOT_CLASS = YES_ERROR;
				CLANG_WARN_QUOTED_INCLUDE_IN_FRAMEWORK_HEADER = YES;
				CLANG_WARN_RANGE_LOOP_ANALYSIS = YES;
				CLANG_WARN_STRICT_PROTOTYPES = YES;
				CLANG_WARN_SUSPICIOUS_MOVE = YES;
				CLANG_WARN_UNGUARDED_AVAILABILITY = YES_AGGRESSIVE;
				CLANG_WARN_UNREACHABLE_CODE = YES;
				CLANG_WARN__DUPLICATE_METHOD_MATCH = YES;
				COPY_PHASE_STRIP = NO;
				DEBUG_INFORMATION_FORMAT = dwarf;
				ENABLE_STRICT_OBJC_MSGSEND = YES;
				ENABLE_TESTABILITY = YES;
				GCC_C_LANGUAGE_STANDARD = gnu11;
				GCC_DYNAMIC_NO_PIC = NO;
				GCC_NO_COMMON_BLOCKS = YES;
				GCC_OPTIMIZATION_LEVEL = 0;
				GCC_PREPROCESSOR_DEFINITIONS = (
					"DEBUG=1",
					"$(inherited)",
				);
				GCC_WARN_64_TO_32_BIT_CONVERSION = YES;
				GCC_WARN_ABOUT_RETURN_TYPE = YES_ERROR;
				GCC_WARN_UNDECLARED_SELECTOR = YES;
				GCC_WARN_UNINITIALIZED_AUTOS = YES_AGGRESSIVE;
				GCC_WARN_UNUSED_FUNCTION = YES;
				GCC_WARN_UNUSED_VARIABLE = YES;
				IPHONEOS_DEPLOYMENT_TARGET = 15.0;
				MTL_ENABLE_DEBUG_INFO = INCLUDE_SOURCE;
				MTL_FAST_MATH = YES;
				ONLY_ACTIVE_ARCH = YES;
				SDKROOT = iphoneos;
				SWIFT_ACTIVE_COMPILATION_CONDITIONS = DEBUG;
				SWIFT_OPTIMIZATION_LEVEL = "-Onone";
			};
			name = Debug;
		};
		08CB04F527BD3A980057AAB9 /* Release */ = {
			isa = XCBuildConfiguration;
			buildSettings = {
				ALWAYS_SEARCH_USER_PATHS = NO;
				CLANG_ANALYZER_NONNULL = YES;
				CLANG_ANALYZER_NUMBER_OBJECT_CONVERSION = YES_AGGRESSIVE;
				CLANG_CXX_LANGUAGE_STANDARD = "gnu++17";
				CLANG_CXX_LIBRARY = "libc++";
				CLANG_ENABLE_MODULES = YES;
				CLANG_ENABLE_OBJC_ARC = YES;
				CLANG_ENABLE_OBJC_WEAK = YES;
				CLANG_WARN_BLOCK_CAPTURE_AUTORELEASING = YES;
				CLANG_WARN_BOOL_CONVERSION = YES;
				CLANG_WARN_COMMA = YES;
				CLANG_WARN_CONSTANT_CONVERSION = YES;
				CLANG_WARN_DEPRECATED_OBJC_IMPLEMENTATIONS = YES;
				CLANG_WARN_DIRECT_OBJC_ISA_USAGE = YES_ERROR;
				CLANG_WARN_DOCUMENTATION_COMMENTS = YES;
				CLANG_WARN_EMPTY_BODY = YES;
				CLANG_WARN_ENUM_CONVERSION = YES;
				CLANG_WARN_INFINITE_RECURSION = YES;
				CLANG_WARN_INT_CONVERSION = YES;
				CLANG_WARN_NON_LITERAL_NULL_CONVERSION = YES;
				CLANG_WARN_OBJC_IMPLICIT_RETAIN_SELF = YES;
				CLANG_WARN_OBJC_LITERAL_CONVERSION = YES;
				CLANG_WARN_OBJC_ROOT_CLASS = YES_ERROR;
				CLANG_WARN_QUOTED_INCLUDE_IN_FRAMEWORK_HEADER = YES;
				CLANG_WARN_RANGE_LOOP_ANALYSIS = YES;
				CLANG_WARN_STRICT_PROTOTYPES = YES;
				CLANG_WARN_SUSPICIOUS_MOVE = YES;
				CLANG_WARN_UNGUARDED_AVAILABILITY = YES_AGGRESSIVE;
				CLANG_WARN_UNREACHABLE_CODE = YES;
				CLANG_WARN__DUPLICATE_METHOD_MATCH = YES;
				COPY_PHASE_STRIP = NO;
				DEBUG_INFORMATION_FORMAT = "dwarf-with-dsym";
				ENABLE_NS_ASSERTIONS = NO;
				ENABLE_STRICT_OBJC_MSGSEND = YES;
				GCC_C_LANGUAGE_STANDARD = gnu11;
				GCC_NO_COMMON_BLOCKS = YES;
				GCC_WARN_64_TO_32_BIT_CONVERSION = YES;
				GCC_WARN_ABOUT_RETURN_TYPE = YES_ERROR;
				GCC_WARN_UNDECLARED_SELECTOR = YES;
				GCC_WARN_UNINITIALIZED_AUTOS = YES_AGGRESSIVE;
				GCC_WARN_UNUSED_FUNCTION = YES;
				GCC_WARN_UNUSED_VARIABLE = YES;
				IPHONEOS_DEPLOYMENT_TARGET = 15.0;
				MTL_ENABLE_DEBUG_INFO = NO;
				MTL_FAST_MATH = YES;
				SDKROOT = iphoneos;
				SWIFT_COMPILATION_MODE = wholemodule;
				SWIFT_OPTIMIZATION_LEVEL = "-O";
				VALIDATE_PRODUCT = YES;
			};
			name = Release;
		};
		08CB04F727BD3A980057AAB9 /* Debug */ = {
			isa = XCBuildConfiguration;
			buildSettings = {
				ASSETCATALOG_COMPILER_APPICON_NAME = AppIcon;
				ASSETCATALOG_COMPILER_GLOBAL_ACCENT_COLOR_NAME = AccentColor;
				CODE_SIGN_STYLE = Automatic;
				CURRENT_PROJECT_VERSION = 1;
				DEVELOPMENT_ASSET_PATHS = "\"AwardsCollectionApp/Preview Content\"";
				DEVELOPMENT_TEAM = 4HS4K74US2;
				ENABLE_PREVIEWS = YES;
				GENERATE_INFOPLIST_FILE = YES;
				INFOPLIST_KEY_UIApplicationSceneManifest_Generation = YES;
				INFOPLIST_KEY_UIApplicationSupportsIndirectInputEvents = YES;
				INFOPLIST_KEY_UILaunchScreen_Generation = YES;
				INFOPLIST_KEY_UISupportedInterfaceOrientations_iPad = "UIInterfaceOrientationPortrait UIInterfaceOrientationPortraitUpsideDown UIInterfaceOrientationLandscapeLeft UIInterfaceOrientationLandscapeRight";
				INFOPLIST_KEY_UISupportedInterfaceOrientations_iPhone = "UIInterfaceOrientationPortrait UIInterfaceOrientationLandscapeLeft UIInterfaceOrientationLandscapeRight";
				LD_RUNPATH_SEARCH_PATHS = (
					"$(inherited)",
					"@executable_path/Frameworks",
				);
				MARKETING_VERSION = 1.0;
				PRODUCT_BUNDLE_IDENTIFIER = Beautilit.AwardsCollectionApp;
				PRODUCT_NAME = "$(TARGET_NAME)";
				SWIFT_EMIT_LOC_STRINGS = YES;
				SWIFT_VERSION = 5.0;
				TARGETED_DEVICE_FAMILY = "1,2";
			};
			name = Debug;
		};
		08CB04F827BD3A980057AAB9 /* Release */ = {
			isa = XCBuildConfiguration;
			buildSettings = {
				ASSETCATALOG_COMPILER_APPICON_NAME = AppIcon;
				ASSETCATALOG_COMPILER_GLOBAL_ACCENT_COLOR_NAME = AccentColor;
				CODE_SIGN_STYLE = Automatic;
				CURRENT_PROJECT_VERSION = 1;
				DEVELOPMENT_ASSET_PATHS = "\"AwardsCollectionApp/Preview Content\"";
				DEVELOPMENT_TEAM = 4HS4K74US2;
				ENABLE_PREVIEWS = YES;
				GENERATE_INFOPLIST_FILE = YES;
				INFOPLIST_KEY_UIApplicationSceneManifest_Generation = YES;
				INFOPLIST_KEY_UIApplicationSupportsIndirectInputEvents = YES;
				INFOPLIST_KEY_UILaunchScreen_Generation = YES;
				INFOPLIST_KEY_UISupportedInterfaceOrientations_iPad = "UIInterfaceOrientationPortrait UIInterfaceOrientationPortraitUpsideDown UIInterfaceOrientationLandscapeLeft UIInterfaceOrientationLandscapeRight";
				INFOPLIST_KEY_UISupportedInterfaceOrientations_iPhone = "UIInterfaceOrientationPortrait UIInterfaceOrientationLandscapeLeft UIInterfaceOrientationLandscapeRight";
				LD_RUNPATH_SEARCH_PATHS = (
					"$(inherited)",
					"@executable_path/Frameworks",
				);
				MARKETING_VERSION = 1.0;
				PRODUCT_BUNDLE_IDENTIFIER = Beautilit.AwardsCollectionApp;
				PRODUCT_NAME = "$(TARGET_NAME)";
				SWIFT_EMIT_LOC_STRINGS = YES;
				SWIFT_VERSION = 5.0;
				TARGETED_DEVICE_FAMILY = "1,2";
			};
			name = Release;
		};
/* End XCBuildConfiguration section */

/* Begin XCConfigurationList section */
		08CB04E327BD3A960057AAB9 /* Build configuration list for PBXProject "AwardsCollectionApp" */ = {
			isa = XCConfigurationList;
			buildConfigurations = (
				08CB04F427BD3A980057AAB9 /* Debug */,
				08CB04F527BD3A980057AAB9 /* Release */,
			);
			defaultConfigurationIsVisible = 0;
			defaultConfigurationName = Release;
		};
		08CB04F627BD3A980057AAB9 /* Build configuration list for PBXNativeTarget "AwardsCollectionApp" */ = {
			isa = XCConfigurationList;
			buildConfigurations = (
				08CB04F727BD3A980057AAB9 /* Debug */,
				08CB04F827BD3A980057AAB9 /* Release */,
			);
			defaultConfigurationIsVisible = 0;
			defaultConfigurationName = Release;
		};
/* End XCConfigurationList section */
	};
	rootObject = 08CB04E027BD3A960057AAB9 /* Project object */;
}
